
Microsoft Visual Studio Solution File, Format Version 12.00
# Visual Studio Version 17
VisualStudioVersion = 17.0.32014.148
MinimumVisualStudioVersion = 10.0.40219.1
Project("{9A19103F-16F7-4668-BE54-9A1E7A4F7556}") = "HomeWork01", "HomeWork01\HomeWork01.csproj", "{638C7275-F6BC-46F2-B8FD-FB10B6431390}"
EndProject
Project("{9A19103F-16F7-4668-BE54-9A1E7A4F7556}") = "HomeWork02", "HomeWork02\HomeWork02.csproj", "{28797B07-3B05-467E-ACFB-31F1D5D01C1D}"
EndProject
Global
	GlobalSection(SolutionConfigurationPlatforms) = preSolution
		Debug|Any CPU = Debug|Any CPU
		Release|Any CPU = Release|Any CPU
	EndGlobalSection
	GlobalSection(ProjectConfigurationPlatforms) = postSolution
		{638C7275-F6BC-46F2-B8FD-FB10B6431390}.Debug|Any CPU.ActiveCfg = Debug|Any CPU
		{638C7275-F6BC-46F2-B8FD-FB10B6431390}.Debug|Any CPU.Build.0 = Debug|Any CPU
		{638C7275-F6BC-46F2-B8FD-FB10B6431390}.Release|Any CPU.ActiveCfg = Release|Any CPU
		{638C7275-F6BC-46F2-B8FD-FB10B6431390}.Release|Any CPU.Build.0 = Release|Any CPU
		{28797B07-3B05-467E-ACFB-31F1D5D01C1D}.Debug|Any CPU.ActiveCfg = Debug|Any CPU
		{28797B07-3B05-467E-ACFB-31F1D5D01C1D}.Debug|Any CPU.Build.0 = Debug|Any CPU
		{28797B07-3B05-467E-ACFB-31F1D5D01C1D}.Release|Any CPU.ActiveCfg = Release|Any CPU
		{28797B07-3B05-467E-ACFB-31F1D5D01C1D}.Release|Any CPU.Build.0 = Release|Any CPU
	EndGlobalSection
	GlobalSection(SolutionProperties) = preSolution
		HideSolutionNode = FALSE
	EndGlobalSection
	GlobalSection(ExtensibilityGlobals) = postSolution
		SolutionGuid = {FBE279D5-C774-4D77-A04A-59665F4F9ABC}
	EndGlobalSection
EndGlobal
